
Microsoft Visual Studio Solution File, Format Version 12.00
# Visual Studio 15
VisualStudioVersion = 15.0.27703.2026
MinimumVisualStudioVersion = 10.0.40219.1
Project("{FAE04EC0-301F-11D3-BF4B-00C04F79EFBC}") = "AudioPlayerSample", "AudioPlayerSample\AudioPlayerSample.csproj", "{000B0B0B-A12D-4EED-A261-7F95422E386A}"
EndProject
Project("{FAE04EC0-301F-11D3-BF4B-00C04F79EFBC}") = "SimpleMixerSample", "SimpleMixerSample\SimpleMixerSample.csproj", "{59347D00-9D92-4631-A75B-43C6BBBC1BB6}"
EndProject
Global
	GlobalSection(SolutionConfigurationPlatforms) = preSolution
		Debug|Any CPU = Debug|Any CPU
		Release|Any CPU = Release|Any CPU
	EndGlobalSection
	GlobalSection(ProjectConfigurationPlatforms) = postSolution
		{000B0B0B-A12D-4EED-A261-7F95422E386A}.Debug|Any CPU.ActiveCfg = Debug|Any CPU
		{000B0B0B-A12D-4EED-A261-7F95422E386A}.Debug|Any CPU.Build.0 = Debug|Any CPU
		{000B0B0B-A12D-4EED-A261-7F95422E386A}.Release|Any CPU.ActiveCfg = Release|Any CPU
		{000B0B0B-A12D-4EED-A261-7F95422E386A}.Release|Any CPU.Build.0 = Release|Any CPU
		{59347D00-9D92-4631-A75B-43C6BBBC1BB6}.Debug|Any CPU.ActiveCfg = Debug|Any CPU
		{59347D00-9D92-4631-A75B-43C6BBBC1BB6}.Debug|Any CPU.Build.0 = Debug|Any CPU
		{59347D00-9D92-4631-A75B-43C6BBBC1BB6}.Release|Any CPU.ActiveCfg = Release|Any CPU
		{59347D00-9D92-4631-A75B-43C6BBBC1BB6}.Release|Any CPU.Build.0 = Release|Any CPU
	EndGlobalSection
	GlobalSection(SolutionProperties) = preSolution
		HideSolutionNode = FALSE
	EndGlobalSection
	GlobalSection(ExtensibilityGlobals) = postSolution
		SolutionGuid = {97BF1B2E-F33F-48DD-B4BD-F85F5D6D01E1}
	EndGlobalSection
EndGlobal
